// !$*UTF8*$!
{
	archiveVersion = 1;
	classes = {
	};
	objectVersion = 46;
	objects = {

/* Begin PBXBuildFile section */
		2FDC8FDC1D2DFC60005D2D6E /* main.m in Sources */ = {isa = PBXBuildFile; fileRef = 2FDC8FDB1D2DFC60005D2D6E /* main.m */; };
		2FDC8FDF1D2DFC60005D2D6E /* AppDelegate.m in Sources */ = {isa = PBXBuildFile; fileRef = 2FDC8FDE1D2DFC60005D2D6E /* AppDelegate.m */; };
		2FDC8FE21D2DFC60005D2D6E /* ViewController.m in Sources */ = {isa = PBXBuildFile; fileRef = 2FDC8FE11D2DFC60005D2D6E /* ViewController.m */; };
		2FDC8FE51D2DFC60005D2D6E /* Main.storyboard in Resources */ = {isa = PBXBuildFile; fileRef = 2FDC8FE31D2DFC60005D2D6E /* Main.storyboard */; };
		2FDC8FE71D2DFC60005D2D6E /* Assets.xcassets in Resources */ = {isa = PBXBuildFile; fileRef = 2FDC8FE61D2DFC60005D2D6E /* Assets.xcassets */; };
		2FDC8FEA1D2DFC60005D2D6E /* LaunchScreen.storyboard in Resources */ = {isa = PBXBuildFile; fileRef = 2FDC8FE81D2DFC60005D2D6E /* LaunchScreen.storyboard */; };
		2FDC8FF31D2DFC8D005D2D6E /* ViewdemoViewController.m in Sources */ = {isa = PBXBuildFile; fileRef = 2FDC8FF21D2DFC8D005D2D6E /* ViewdemoViewController.m */; };
		2FDC8FF61D2DFECF005D2D6E /* DemoCollectionViewCell.m in Sources */ = {isa = PBXBuildFile; fileRef = 2FDC8FF51D2DFECF005D2D6E /* DemoCollectionViewCell.m */; };
/* End PBXBuildFile section */

/* Begin PBXFileReference section */
		2FDC8FD71D2DFC60005D2D6E /* CollectionCellDemo.app */ = {isa = PBXFileReference; explicitFileType = wrapper.application; includeInIndex = 0; path = CollectionCellDemo.app; sourceTree = BUILT_PRODUCTS_DIR; };
		2FDC8FDB1D2DFC60005D2D6E /* main.m */ = {isa = PBXFileReference; lastKnownFileType = sourcecode.c.objc; path = main.m; sourceTree = "<group>"; };
		2FDC8FDD1D2DFC60005D2D6E /* AppDelegate.h */ = {isa = PBXFileReference; lastKnownFileType = sourcecode.c.h; path = AppDelegate.h; sourceTree = "<group>"; };
		2FDC8FDE1D2DFC60005D2D6E /* AppDelegate.m */ = {isa = PBXFileReference; lastKnownFileType = sourcecode.c.objc; path = AppDelegate.m; sourceTree = "<group>"; };
		2FDC8FE01D2DFC60005D2D6E /* ViewController.h */ = {isa = PBXFileReference; lastKnownFileType = sourcecode.c.h; path = ViewController.h; sourceTree = "<group>"; };
		2FDC8FE11D2DFC60005D2D6E /* ViewController.m */ = {isa = PBXFileReference; lastKnownFileType = sourcecode.c.objc; path = ViewController.m; sourceTree = "<group>"; };
		2FDC8FE41D2DFC60005D2D6E /* Base */ = {isa = PBXFileReference; lastKnownFileType = file.storyboard; name = Base; path = Base.lproj/Main.storyboard; sourceTree = "<group>"; };
		2FDC8FE61D2DFC60005D2D6E /* Assets.xcassets */ = {isa = PBXFileReference; lastKnownFileType = folder.assetcatalog; path = Assets.xcassets; sourceTree = "<group>"; };
		2FDC8FE91D2DFC60005D2D6E /* Base */ = {isa = PBXFileReference; lastKnownFileType = file.storyboard; name = Base; path = Base.lproj/LaunchScreen.storyboard; sourceTree = "<group>"; };
		2FDC8FEB1D2DFC60005D2D6E /* Info.plist */ = {isa = PBXFileReference; lastKnownFileType = text.plist.xml; path = Info.plist; sourceTree = "<group>"; };
		2FDC8FF11D2DFC8D005D2D6E /* ViewdemoViewController.h */ = {isa = PBXFileReference; fileEncoding = 4; lastKnownFileType = sourcecode.c.h; path = ViewdemoViewController.h; sourceTree = "<group>"; };
		2FDC8FF21D2DFC8D005D2D6E /* ViewdemoViewController.m */ = {isa = PBXFileReference; fileEncoding = 4; lastKnownFileType = sourcecode.c.objc; path = ViewdemoViewController.m; sourceTree = "<group>"; };
		2FDC8FF41D2DFECF005D2D6E /* DemoCollectionViewCell.h */ = {isa = PBXFileReference; fileEncoding = 4; lastKnownFileType = sourcecode.c.h; path = DemoCollectionViewCell.h; sourceTree = "<group>"; };
		2FDC8FF51D2DFECF005D2D6E /* DemoCollectionViewCell.m */ = {isa = PBXFileReference; fileEncoding = 4; lastKnownFileType = sourcecode.c.objc; path = DemoCollectionViewCell.m; sourceTree = "<group>"; };
/* End PBXFileReference section */

/* Begin PBXFrameworksBuildPhase section */
		2FDC8FD41D2DFC60005D2D6E /* Frameworks */ = {
			isa = PBXFrameworksBuildPhase;
			buildActionMask = 2147483647;
			files = (
			);
			runOnlyForDeploymentPostprocessing = 0;
		};
/* End PBXFrameworksBuildPhase section */

/* Begin PBXGroup section */
		2FDC8FCE1D2DFC60005D2D6E = {
			isa = PBXGroup;
			children = (
				2FDC8FD91D2DFC60005D2D6E /* CollectionCellDemo */,
				2FDC8FD81D2DFC60005D2D6E /* Products */,
			);
			sourceTree = "<group>";
		};
		2FDC8FD81D2DFC60005D2D6E /* Products */ = {
			isa = PBXGroup;
			children = (
				2FDC8FD71D2DFC60005D2D6E /* CollectionCellDemo.app */,
			);
			name = Products;
			sourceTree = "<group>";
		};
		2FDC8FD91D2DFC60005D2D6E /* CollectionCellDemo */ = {
			isa = PBXGroup;
			children = (
				2FDC8FDD1D2DFC60005D2D6E /* AppDelegate.h */,
				2FDC8FDE1D2DFC60005D2D6E /* AppDelegate.m */,
				2FDC8FE01D2DFC60005D2D6E /* ViewController.h */,
				2FDC8FE11D2DFC60005D2D6E /* ViewController.m */,
				2FDC8FF11D2DFC8D005D2D6E /* ViewdemoViewController.h */,
				2FDC8FF21D2DFC8D005D2D6E /* ViewdemoViewController.m */,
				2FDC8FF41D2DFECF005D2D6E /* DemoCollectionViewCell.h */,
				2FDC8FF51D2DFECF005D2D6E /* DemoCollectionViewCell.m */,
				2FDC8FE31D2DFC60005D2D6E /* Main.storyboard */,
				2FDC8FE61D2DFC60005D2D6E /* Assets.xcassets */,
				2FDC8FE81D2DFC60005D2D6E /* LaunchScreen.storyboard */,
				2FDC8FEB1D2DFC60005D2D6E /* Info.plist */,
				2FDC8FDA1D2DFC60005D2D6E /* Supporting Files */,
			);
			path = CollectionCellDemo;
			sourceTree = "<group>";
		};
		2FDC8FDA1D2DFC60005D2D6E /* Supporting Files */ = {
			isa = PBXGroup;
			children = (
				2FDC8FDB1D2DFC60005D2D6E /* main.m */,
			);
			name = "Supporting Files";
			sourceTree = "<group>";
		};
/* End PBXGroup section */

/* Begin PBXNativeTarget section */
		2FDC8FD61D2DFC60005D2D6E /* CollectionCellDemo */ = {
			isa = PBXNativeTarget;
			buildConfigurationList = 2FDC8FEE1D2DFC60005D2D6E /* Build configuration list for PBXNativeTarget "CollectionCellDemo" */;
			buildPhases = (
				2FDC8FD31D2DFC60005D2D6E /* Sources */,
				2FDC8FD41D2DFC60005D2D6E /* Frameworks */,
				2FDC8FD51D2DFC60005D2D6E /* Resources */,
			);
			buildRules = (
			);
			dependencies = (
			);
			name = CollectionCellDemo;
			productName = CollectionCellDemo;
			productReference = 2FDC8FD71D2DFC60005D2D6E /* CollectionCellDemo.app */;
			productType = "com.apple.product-type.application";
		};
/* End PBXNativeTarget section */

/* Begin PBXProject section */
		2FDC8FCF1D2DFC60005D2D6E /* Project object */ = {
			isa = PBXProject;
			attributes = {
				LastUpgradeCheck = 0730;
				ORGANIZATIONNAME = com.daniao;
				TargetAttributes = {
					2FDC8FD61D2DFC60005D2D6E = {
						CreatedOnToolsVersion = 7.3.1;
					};
				};
			};
			buildConfigurationList = 2FDC8FD21D2DFC60005D2D6E /* Build configuration list for PBXProject "CollectionCellDemo" */;
			compatibilityVersion = "Xcode 3.2";
			developmentRegion = English;
			hasScannedForEncodings = 0;
			knownRegions = (
				en,
				Base,
			);
			mainGroup = 2FDC8FCE1D2DFC60005D2D6E;
			productRefGroup = 2FDC8FD81D2DFC60005D2D6E /* Products */;
			projectDirPath = "";
			projectRoot = "";
			targets = (
				2FDC8FD61D2DFC60005D2D6E /* CollectionCellDemo */,
			);
		};
/* End PBXProject section */

/* Begin PBXResourcesBuildPhase section */
		2FDC8FD51D2DFC60005D2D6E /* Resources */ = {
			isa = PBXResourcesBuildPhase;
			buildActionMask = 2147483647;
			files = (
				2FDC8FEA1D2DFC60005D2D6E /* LaunchScreen.storyboard in Resources */,
				2FDC8FE71D2DFC60005D2D6E /* Assets.xcassets in Resources */,
				2FDC8FE51D2DFC60005D2D6E /* Main.storyboard in Resources */,
			);
			runOnlyForDeploymentPostprocessing = 0;
		};
/* End PBXResourcesBuildPhase section */

/* Begin PBXSourcesBuildPhase section */
		2FDC8FD31D2DFC60005D2D6E /* Sources */ = {
			isa = PBXSourcesBuildPhase;
			buildActionMask = 2147483647;
			files = (
				2FDC8FE21D2DFC60005D2D6E /* ViewController.m in Sources */,
				2FDC8FDF1D2DFC60005D2D6E /* AppDelegate.m in Sources */,
				2FDC8FF31D2DFC8D005D2D6E /* ViewdemoViewController.m in Sources */,
				2FDC8FF61D2DFECF005D2D6E /* DemoCollectionViewCell.m in Sources */,
				2FDC8FDC1D2DFC60005D2D6E /* main.m in Sources */,
			);
			runOnlyForDeploymentPostprocessing = 0;
		};
/* End PBXSourcesBuildPhase section */

/* Begin PBXVariantGroup section */
		2FDC8FE31D2DFC60005D2D6E /* Main.storyboard */ = {
			isa = PBXVariantGroup;
			children = (
				2FDC8FE41D2DFC60005D2D6E /* Base */,
			);
			name = Main.storyboard;
			sourceTree = "<group>";
		};
		2FDC8FE81D2DFC60005D2D6E /* LaunchScreen.storyboard */ = {
			isa = PBXVariantGroup;
			children = (
				2FDC8FE91D2DFC60005D2D6E /* Base */,
			);
			name = LaunchScreen.storyboard;
			sourceTree = "<group>";
		};
/* End PBXVariantGroup section */

/* Begin XCBuildConfiguration section */
		2FDC8FEC1D2DFC60005D2D6E /* Debug */ = {
			isa = XCBuildConfiguration;
			buildSettings = {
				ALWAYS_SEARCH_USER_PATHS = NO;
				CLANG_ANALYZER_NONNULL = YES;
				CLANG_CXX_LANGUAGE_STANDARD = "gnu++0x";
				CLANG_CXX_LIBRARY = "libc++";
				CLANG_ENABLE_MODULES = YES;
				CLANG_ENABLE_OBJC_ARC = YES;
				CLANG_WARN_BOOL_CONVERSION = YES;
				CLANG_WARN_CONSTANT_CONVERSION = YES;
				CLANG_WARN_DIRECT_OBJC_ISA_USAGE = YES_ERROR;
				CLANG_WARN_EMPTY_BODY = YES;
				CLANG_WARN_ENUM_CONVERSION = YES;
				CLANG_WARN_INT_CONVERSION = YES;
				CLANG_WARN_OBJC_ROOT_CLASS = YES_ERROR;
				CLANG_WARN_UNREACHABLE_CODE = YES;
				CLANG_WARN__DUPLICATE_METHOD_MATCH = YES;
				"CODE_SIGN_IDENTITY[sdk=iphoneos*]" = "iPhone Developer";
				COPY_PHASE_STRIP = NO;
				DEBUG_INFORMATION_FORMAT = dwarf;
				ENABLE_STRICT_OBJC_MSGSEND = YES;
				ENABLE_TESTABILITY = YES;
				GCC_C_LANGUAGE_STANDARD = gnu99;
				GCC_DYNAMIC_NO_PIC = NO;
				GCC_NO_COMMON_BLOCKS = YES;
				GCC_OPTIMIZATION_LEVEL = 0;
				GCC_PREPROCESSOR_DEFINITIONS = (
					"DEBUG=1",
					"$(inherited)",
				);
				GCC_WARN_64_TO_32_BIT_CONVERSION = YES;
				GCC_WARN_ABOUT_RETURN_TYPE = YES_ERROR;
				GCC_WARN_UNDECLARED_SELECTOR = YES;
				GCC_WARN_UNINITIALIZED_AUTOS = YES_AGGRESSIVE;
				GCC_WARN_UNUSED_FUNCTION = YES;
				GCC_WARN_UNUSED_VARIABLE = YES;
				IPHONEOS_DEPLOYMENT_TARGET = 9.3;
				MTL_ENABLE_DEBUG_INFO = YES;
				ONLY_ACTIVE_ARCH = YES;
				SDKROOT = iphoneos;
			};
			name = Debug;
		};
		2FDC8FED1D2DFC60005D2D6E /* Release */ = {
			isa = XCBuildConfiguration;
			buildSettings = {
				ALWAYS_SEARCH_USER_PATHS = NO;
				CLANG_ANALYZER_NONNULL = YES;
				CLANG_CXX_LANGUAGE_STANDARD = "gnu++0x";
				CLANG_CXX_LIBRARY = "libc++";
				CLANG_ENABLE_MODULES = YES;
				CLANG_ENABLE_OBJC_ARC = YES;
				CLANG_WARN_BOOL_CONVERSION = YES;
				CLANG_WARN_CONSTANT_CONVERSION = YES;
				CLANG_WARN_DIRECT_OBJC_ISA_USAGE = YES_ERROR;
				CLANG_WARN_EMPTY_BODY = YES;
				CLANG_WARN_ENUM_CONVERSION = YES;
				CLANG_WARN_INT_CONVERSION = YES;
				CLANG_WARN_OBJC_ROOT_CLASS = YES_ERROR;
				CLANG_WARN_UNREACHABLE_CODE = YES;
				CLANG_WARN__DUPLICATE_METHOD_MATCH = YES;
				"CODE_SIGN_IDENTITY[sdk=iphoneos*]" = "iPhone Developer";
				COPY_PHASE_STRIP = NO;
				DEBUG_INFORMATION_FORMAT = "dwarf-with-dsym";
				ENABLE_NS_ASSERTIONS = NO;
				ENABLE_STRICT_OBJC_MSGSEND = YES;
				GCC_C_LANGUAGE_STANDARD = gnu99;
				GCC_NO_COMMON_BLOCKS = YES;
				GCC_WARN_64_TO_32_BIT_CONVERSION = YES;
				GCC_WARN_ABOUT_RETURN_TYPE = YES_ERROR;
				GCC_WARN_UNDECLARED_SELECTOR = YES;
				GCC_WARN_UNINITIALIZED_AUTOS = YES_AGGRESSIVE;
				GCC_WARN_UNUSED_FUNCTION = YES;
				GCC_WARN_UNUSED_VARIABLE = YES;
				IPHONEOS_DEPLOYMENT_TARGET = 9.3;
				MTL_ENABLE_DEBUG_INFO = NO;
				SDKROOT = iphoneos;
				VALIDATE_PRODUCT = YES;
			};
			name = Release;
		};
		2FDC8FEF1D2DFC60005D2D6E /* Debug */ = {
			isa = XCBuildConfiguration;
			buildSettings = {
				ASSETCATALOG_COMPILER_APPICON_NAME = AppIcon;
				INFOPLIST_FILE = CollectionCellDemo/Info.plist;
				LD_RUNPATH_SEARCH_PATHS = "$(inherited) @executable_path/Frameworks";
				PRODUCT_BUNDLE_IDENTIFIER = com.daniao.CollectionCellDemo;
				PRODUCT_NAME = "$(TARGET_NAME)";
			};
			name = Debug;
		};
		2FDC8FF01D2DFC60005D2D6E /* Release */ = {
			isa = XCBuildConfiguration;
			buildSettings = {
				ASSETCATALOG_COMPILER_APPICON_NAME = AppIcon;
				INFOPLIST_FILE = CollectionCellDemo/Info.plist;
				LD_RUNPATH_SEARCH_PATHS = "$(inherited) @executable_path/Frameworks";
				PRODUCT_BUNDLE_IDENTIFIER = com.daniao.CollectionCellDemo;
				PRODUCT_NAME = "$(TARGET_NAME)";
			};
			name = Release;
		};
/* End XCBuildConfiguration section */

/* Begin XCConfigurationList section */
		2FDC8FD21D2DFC60005D2D6E /* Build configuration list for PBXProject "CollectionCellDemo" */ = {
			isa = XCConfigurationList;
			buildConfigurations = (
				2FDC8FEC1D2DFC60005D2D6E /* Debug */,
				2FDC8FED1D2DFC60005D2D6E /* Release */,
			);
			defaultConfigurationIsVisible = 0;
			defaultConfigurationName = Release;
		};
		2FDC8FEE1D2DFC60005D2D6E /* Build configuration list for PBXNativeTarget "CollectionCellDemo" */ = {
			isa = XCConfigurationList;
			buildConfigurations = (
				2FDC8FEF1D2DFC60005D2D6E /* Debug */,
				2FDC8FF01D2DFC60005D2D6E /* Release */,
			);
			defaultConfigurationIsVisible = 0;
		};
/* End XCConfigurationList section */
	};
	rootObject = 2FDC8FCF1D2DFC60005D2D6E /* Project object */;
}
